// !$*UTF8*$!
{
	archiveVersion = 1;
	classes = {
	};
	objectVersion = 50;
	objects = {

/* Begin PBXBuildFile section */
		FC80C55F252F0D1400C5380F /* AppDelegate.swift in Sources */ = {isa = PBXBuildFile; fileRef = FC80C55E252F0D1400C5380F /* AppDelegate.swift */; };
		FC80C561252F0D1400C5380F /* SceneDelegate.swift in Sources */ = {isa = PBXBuildFile; fileRef = FC80C560252F0D1400C5380F /* SceneDelegate.swift */; };
		FC80C563252F0D1400C5380F /* ViewController.swift in Sources */ = {isa = PBXBuildFile; fileRef = FC80C562252F0D1400C5380F /* ViewController.swift */; };
		FC80C566252F0D1400C5380F /* Main.storyboard in Resources */ = {isa = PBXBuildFile; fileRef = FC80C564252F0D1400C5380F /* Main.storyboard */; };
		FC80C568252F0D1700C5380F /* Assets.xcassets in Resources */ = {isa = PBXBuildFile; fileRef = FC80C567252F0D1700C5380F /* Assets.xcassets */; };
		FC80C56B252F0D1700C5380F /* LaunchScreen.storyboard in Resources */ = {isa = PBXBuildFile; fileRef = FC80C569252F0D1700C5380F /* LaunchScreen.storyboard */; };
		FC80C574252F261200C5380F /* SecondViewController.swift in Sources */ = {isa = PBXBuildFile; fileRef = FC80C573252F261200C5380F /* SecondViewController.swift */; };
		FC80C577252F308600C5380F /* ThirdViewController.swift in Sources */ = {isa = PBXBuildFile; fileRef = FC80C576252F308600C5380F /* ThirdViewController.swift */; };
/* End PBXBuildFile section */

/* Begin PBXFileReference section */
		FC80C55B252F0D1400C5380F /* Lesson 8.app */ = {isa = PBXFileReference; explicitFileType = wrapper.application; includeInIndex = 0; path = "Lesson 8.app"; sourceTree = BUILT_PRODUCTS_DIR; };
		FC80C55E252F0D1400C5380F /* AppDelegate.swift */ = {isa = PBXFileReference; lastKnownFileType = sourcecode.swift; path = AppDelegate.swift; sourceTree = "<group>"; };
		FC80C560252F0D1400C5380F /* SceneDelegate.swift */ = {isa = PBXFileReference; lastKnownFileType = sourcecode.swift; path = SceneDelegate.swift; sourceTree = "<group>"; };
		FC80C562252F0D1400C5380F /* ViewController.swift */ = {isa = PBXFileReference; lastKnownFileType = sourcecode.swift; path = ViewController.swift; sourceTree = "<group>"; };
		FC80C565252F0D1400C5380F /* Base */ = {isa = PBXFileReference; lastKnownFileType = file.storyboard; name = Base; path = Base.lproj/Main.storyboard; sourceTree = "<group>"; };
		FC80C567252F0D1700C5380F /* Assets.xcassets */ = {isa = PBXFileReference; lastKnownFileType = folder.assetcatalog; path = Assets.xcassets; sourceTree = "<group>"; };
		FC80C56A252F0D1700C5380F /* Base */ = {isa = PBXFileReference; lastKnownFileType = file.storyboard; name = Base; path = Base.lproj/LaunchScreen.storyboard; sourceTree = "<group>"; };
		FC80C56C252F0D1700C5380F /* Info.plist */ = {isa = PBXFileReference; lastKnownFileType = text.plist.xml; path = Info.plist; sourceTree = "<group>"; };
		FC80C573252F261200C5380F /* SecondViewController.swift */ = {isa = PBXFileReference; lastKnownFileType = sourcecode.swift; path = SecondViewController.swift; sourceTree = "<group>"; };
		FC80C576252F308600C5380F /* ThirdViewController.swift */ = {isa = PBXFileReference; lastKnownFileType = sourcecode.swift; path = ThirdViewController.swift; sourceTree = "<group>"; };
/* End PBXFileReference section */

/* Begin PBXFrameworksBuildPhase section */
		FC80C558252F0D1400C5380F /* Frameworks */ = {
			isa = PBXFrameworksBuildPhase;
			buildActionMask = 2147483647;
			files = (
			);
			runOnlyForDeploymentPostprocessing = 0;
		};
/* End PBXFrameworksBuildPhase section */

/* Begin PBXGroup section */
		FC80C552252F0D1400C5380F = {
			isa = PBXGroup;
			children = (
				FC80C55D252F0D1400C5380F /* Lesson 8 */,
				FC80C55C252F0D1400C5380F /* Products */,
			);
			sourceTree = "<group>";
		};
		FC80C55C252F0D1400C5380F /* Products */ = {
			isa = PBXGroup;
			children = (
				FC80C55B252F0D1400C5380F /* Lesson 8.app */,
			);
			name = Products;
			sourceTree = "<group>";
		};
		FC80C55D252F0D1400C5380F /* Lesson 8 */ = {
			isa = PBXGroup;
			children = (
				FC80C55E252F0D1400C5380F /* AppDelegate.swift */,
				FC80C560252F0D1400C5380F /* SceneDelegate.swift */,
				FC80C562252F0D1400C5380F /* ViewController.swift */,
				FC80C564252F0D1400C5380F /* Main.storyboard */,
				FC80C576252F308600C5380F /* ThirdViewController.swift */,
				FC80C573252F261200C5380F /* SecondViewController.swift */,
				FC80C567252F0D1700C5380F /* Assets.xcassets */,
				FC80C569252F0D1700C5380F /* LaunchScreen.storyboard */,
				FC80C56C252F0D1700C5380F /* Info.plist */,
			);
			path = "Lesson 8";
			sourceTree = "<group>";
		};
/* End PBXGroup section */

/* Begin PBXNativeTarget section */
		FC80C55A252F0D1400C5380F /* Lesson 8 */ = {
			isa = PBXNativeTarget;
			buildConfigurationList = FC80C56F252F0D1700C5380F /* Build configuration list for PBXNativeTarget "Lesson 8" */;
			buildPhases = (
				FC80C557252F0D1400C5380F /* Sources */,
				FC80C558252F0D1400C5380F /* Frameworks */,
				FC80C559252F0D1400C5380F /* Resources */,
			);
			buildRules = (
			);
			dependencies = (
			);
			name = "Lesson 8";
			productName = "Lesson 8";
			productReference = FC80C55B252F0D1400C5380F /* Lesson 8.app */;
			productType = "com.apple.product-type.application";
		};
/* End PBXNativeTarget section */

/* Begin PBXProject section */
		FC80C553252F0D1400C5380F /* Project object */ = {
			isa = PBXProject;
			attributes = {
				LastSwiftUpdateCheck = 1200;
				LastUpgradeCheck = 1200;
				TargetAttributes = {
					FC80C55A252F0D1400C5380F = {
						CreatedOnToolsVersion = 12.0.1;
					};
				};
			};
			buildConfigurationList = FC80C556252F0D1400C5380F /* Build configuration list for PBXProject "Lesson 8" */;
			compatibilityVersion = "Xcode 9.3";
			developmentRegion = en;
			hasScannedForEncodings = 0;
			knownRegions = (
				en,
				Base,
			);
			mainGroup = FC80C552252F0D1400C5380F;
			productRefGroup = FC80C55C252F0D1400C5380F /* Products */;
			projectDirPath = "";
			projectRoot = "";
			targets = (
				FC80C55A252F0D1400C5380F /* Lesson 8 */,
			);
		};
/* End PBXProject section */

/* Begin PBXResourcesBuildPhase section */
		FC80C559252F0D1400C5380F /* Resources */ = {
			isa = PBXResourcesBuildPhase;
			buildActionMask = 2147483647;
			files = (
				FC80C56B252F0D1700C5380F /* LaunchScreen.storyboard in Resources */,
				FC80C568252F0D1700C5380F /* Assets.xcassets in Resources */,
				FC80C566252F0D1400C5380F /* Main.storyboard in Resources */,
			);
			runOnlyForDeploymentPostprocessing = 0;
		};
/* End PBXResourcesBuildPhase section */

/* Begin PBXSourcesBuildPhase section */
		FC80C557252F0D1400C5380F /* Sources */ = {
			isa = PBXSourcesBuildPhase;
			buildActionMask = 2147483647;
			files = (
				FC80C574252F261200C5380F /* SecondViewController.swift in Sources */,
				FC80C563252F0D1400C5380F /* ViewController.swift in Sources */,
				FC80C577252F308600C5380F /* ThirdViewController.swift in Sources */,
				FC80C55F252F0D1400C5380F /* AppDelegate.swift in Sources */,
				FC80C561252F0D1400C5380F /* SceneDelegate.swift in Sources */,
			);
			runOnlyForDeploymentPostprocessing = 0;
		};
/* End PBXSourcesBuildPhase section */

/* Begin PBXVariantGroup section */
		FC80C564252F0D1400C5380F /* Main.storyboard */ = {
			isa = PBXVariantGroup;
			children = (
				FC80C565252F0D1400C5380F /* Base */,
			);
			name = Main.storyboard;
			sourceTree = "<group>";
		};
		FC80C569252F0D1700C5380F /* LaunchScreen.storyboard */ = {
			isa = PBXVariantGroup;
			children = (
				FC80C56A252F0D1700C5380F /* Base */,
			);
			name = LaunchScreen.storyboard;
			sourceTree = "<group>";
		};
/* End PBXVariantGroup section */

/* Begin XCBuildConfiguration section */
		FC80C56D252F0D1700C5380F /* Debug */ = {
			isa = XCBuildConfiguration;
			buildSettings = {
				ALWAYS_SEARCH_USER_PATHS = NO;
				CLANG_ANALYZER_NONNULL = YES;
				CLANG_ANALYZER_NUMBER_OBJECT_CONVERSION = YES_AGGRESSIVE;
				CLANG_CXX_LANGUAGE_STANDARD = "gnu++14";
				CLANG_CXX_LIBRARY = "libc++";
				CLANG_ENABLE_MODULES = YES;
				CLANG_ENABLE_OBJC_ARC = YES;
				CLANG_ENABLE_OBJC_WEAK = YES;
				CLANG_WARN_BLOCK_CAPTURE_AUTORELEASING = YES;
				CLANG_WARN_BOOL_CONVERSION = YES;
				CLANG_WARN_COMMA = YES;
				CLANG_WARN_CONSTANT_CONVERSION = YES;
				CLANG_WARN_DEPRECATED_OBJC_IMPLEMENTATIONS = YES;
				CLANG_WARN_DIRECT_OBJC_ISA_USAGE = YES_ERROR;
				CLANG_WARN_DOCUMENTATION_COMMENTS = YES;
				CLANG_WARN_EMPTY_BODY = YES;
				CLANG_WARN_ENUM_CONVERSION = YES;
				CLANG_WARN_INFINITE_RECURSION = YES;
				CLANG_WARN_INT_CONVERSION = YES;
				CLANG_WARN_NON_LITERAL_NULL_CONVERSION = YES;
				CLANG_WARN_OBJC_IMPLICIT_RETAIN_SELF = YES;
				CLANG_WARN_OBJC_LITERAL_CONVERSION = YES;
				CLANG_WARN_OBJC_ROOT_CLASS = YES_ERROR;
				CLANG_WARN_QUOTED_INCLUDE_IN_FRAMEWORK_HEADER = YES;
				CLANG_WARN_RANGE_LOOP_ANALYSIS = YES;
				CLANG_WARN_STRICT_PROTOTYPES = YES;
				CLANG_WARN_SUSPICIOUS_MOVE = YES;
				CLANG_WARN_UNGUARDED_AVAILABILITY = YES_AGGRESSIVE;
				CLANG_WARN_UNREACHABLE_CODE = YES;
				CLANG_WARN__DUPLICATE_METHOD_MATCH = YES;
				COPY_PHASE_STRIP = NO;
				DEBUG_INFORMATION_FORMAT = dwarf;
				ENABLE_STRICT_OBJC_MSGSEND = YES;
				ENABLE_TESTABILITY = YES;
				GCC_C_LANGUAGE_STANDARD = gnu11;
				GCC_DYNAMIC_NO_PIC = NO;
				GCC_NO_COMMON_BLOCKS = YES;
				GCC_OPTIMIZATION_LEVEL = 0;
				GCC_PREPROCESSOR_DEFINITIONS = (
					"DEBUG=1",
					"$(inherited)",
				);
				GCC_WARN_64_TO_32_BIT_CONVERSION = YES;
				GCC_WARN_ABOUT_RETURN_TYPE = YES_ERROR;
				GCC_WARN_UNDECLARED_SELECTOR = YES;
				GCC_WARN_UNINITIALIZED_AUTOS = YES_AGGRESSIVE;
				GCC_WARN_UNUSED_FUNCTION = YES;
				GCC_WARN_UNUSED_VARIABLE = YES;
				IPHONEOS_DEPLOYMENT_TARGET = 14.0;
				MTL_ENABLE_DEBUG_INFO = INCLUDE_SOURCE;
				MTL_FAST_MATH = YES;
				ONLY_ACTIVE_ARCH = YES;
				SDKROOT = iphoneos;
				SWIFT_ACTIVE_COMPILATION_CONDITIONS = DEBUG;
				SWIFT_OPTIMIZATION_LEVEL = "-Onone";
			};
			name = Debug;
		};
		FC80C56E252F0D1700C5380F /* Release */ = {
			isa = XCBuildConfiguration;
			buildSettings = {
				ALWAYS_SEARCH_USER_PATHS = NO;
				CLANG_ANALYZER_NONNULL = YES;
				CLANG_ANALYZER_NUMBER_OBJECT_CONVERSION = YES_AGGRESSIVE;
				CLANG_CXX_LANGUAGE_STANDARD = "gnu++14";
				CLANG_CXX_LIBRARY = "libc++";
				CLANG_ENABLE_MODULES = YES;
				CLANG_ENABLE_OBJC_ARC = YES;
				CLANG_ENABLE_OBJC_WEAK = YES;
				CLANG_WARN_BLOCK_CAPTURE_AUTORELEASING = YES;
				CLANG_WARN_BOOL_CONVERSION = YES;
				CLANG_WARN_COMMA = YES;
				CLANG_WARN_CONSTANT_CONVERSION = YES;
				CLANG_WARN_DEPRECATED_OBJC_IMPLEMENTATIONS = YES;
				CLANG_WARN_DIRECT_OBJC_ISA_USAGE = YES_ERROR;
				CLANG_WARN_DOCUMENTATION_COMMENTS = YES;
				CLANG_WARN_EMPTY_BODY = YES;
				CLANG_WARN_ENUM_CONVERSION = YES;
				CLANG_WARN_INFINITE_RECURSION = YES;
				CLANG_WARN_INT_CONVERSION = YES;
				CLANG_WARN_NON_LITERAL_NULL_CONVERSION = YES;
				CLANG_WARN_OBJC_IMPLICIT_RETAIN_SELF = YES;
				CLANG_WARN_OBJC_LITERAL_CONVERSION = YES;
				CLANG_WARN_OBJC_ROOT_CLASS = YES_ERROR;
				CLANG_WARN_QUOTED_INCLUDE_IN_FRAMEWORK_HEADER = YES;
				CLANG_WARN_RANGE_LOOP_ANALYSIS = YES;
				CLANG_WARN_STRICT_PROTOTYPES = YES;
				CLANG_WARN_SUSPICIOUS_MOVE = YES;
				CLANG_WARN_UNGUARDED_AVAILABILITY = YES_AGGRESSIVE;
				CLANG_WARN_UNREACHABLE_CODE = YES;
				CLANG_WARN__DUPLICATE_METHOD_MATCH = YES;
				COPY_PHASE_STRIP = NO;
				DEBUG_INFORMATION_FORMAT = "dwarf-with-dsym";
				ENABLE_NS_ASSERTIONS = NO;
				ENABLE_STRICT_OBJC_MSGSEND = YES;
				GCC_C_LANGUAGE_STANDARD = gnu11;
				GCC_NO_COMMON_BLOCKS = YES;
				GCC_WARN_64_TO_32_BIT_CONVERSION = YES;
				GCC_WARN_ABOUT_RETURN_TYPE = YES_ERROR;
				GCC_WARN_UNDECLARED_SELECTOR = YES;
				GCC_WARN_UNINITIALIZED_AUTOS = YES_AGGRESSIVE;
				GCC_WARN_UNUSED_FUNCTION = YES;
				GCC_WARN_UNUSED_VARIABLE = YES;
				IPHONEOS_DEPLOYMENT_TARGET = 14.0;
				MTL_ENABLE_DEBUG_INFO = NO;
				MTL_FAST_MATH = YES;
				SDKROOT = iphoneos;
				SWIFT_COMPILATION_MODE = wholemodule;
				SWIFT_OPTIMIZATION_LEVEL = "-O";
				VALIDATE_PRODUCT = YES;
			};
			name = Release;
		};
		FC80C570252F0D1700C5380F /* Debug */ = {
			isa = XCBuildConfiguration;
			buildSettings = {
				ASSETCATALOG_COMPILER_APPICON_NAME = AppIcon;
				ASSETCATALOG_COMPILER_GLOBAL_ACCENT_COLOR_NAME = AccentColor;
				CODE_SIGN_STYLE = Automatic;
				DEVELOPMENT_TEAM = 8T44SSUDFM;
				INFOPLIST_FILE = "Lesson 8/Info.plist";
				LD_RUNPATH_SEARCH_PATHS = (
					"$(inherited)",
					"@executable_path/Frameworks",
				);
				PRODUCT_BUNDLE_IDENTIFIER = "com.felix.Lesson-8";
				PRODUCT_NAME = "$(TARGET_NAME)";
				SWIFT_VERSION = 5.0;
				TARGETED_DEVICE_FAMILY = "1,2";
			};
			name = Debug;
		};
		FC80C571252F0D1700C5380F /* Release */ = {
			isa = XCBuildConfiguration;
			buildSettings = {
				ASSETCATALOG_COMPILER_APPICON_NAME = AppIcon;
				ASSETCATALOG_COMPILER_GLOBAL_ACCENT_COLOR_NAME = AccentColor;
				CODE_SIGN_STYLE = Automatic;
				DEVELOPMENT_TEAM = 8T44SSUDFM;
				INFOPLIST_FILE = "Lesson 8/Info.plist";
				LD_RUNPATH_SEARCH_PATHS = (
					"$(inherited)",
					"@executable_path/Frameworks",
				);
				PRODUCT_BUNDLE_IDENTIFIER = "com.felix.Lesson-8";
				PRODUCT_NAME = "$(TARGET_NAME)";
				SWIFT_VERSION = 5.0;
				TARGETED_DEVICE_FAMILY = "1,2";
			};
			name = Release;
		};
/* End XCBuildConfiguration section */

/* Begin XCConfigurationList section */
		FC80C556252F0D1400C5380F /* Build configuration list for PBXProject "Lesson 8" */ = {
			isa = XCConfigurationList;
			buildConfigurations = (
				FC80C56D252F0D1700C5380F /* Debug */,
				FC80C56E252F0D1700C5380F /* Release */,
			);
			defaultConfigurationIsVisible = 0;
			defaultConfigurationName = Release;
		};
		FC80C56F252F0D1700C5380F /* Build configuration list for PBXNativeTarget "Lesson 8" */ = {
			isa = XCConfigurationList;
			buildConfigurations = (
				FC80C570252F0D1700C5380F /* Debug */,
				FC80C571252F0D1700C5380F /* Release */,
			);
			defaultConfigurationIsVisible = 0;
			defaultConfigurationName = Release;
		};
/* End XCConfigurationList section */
	};
	rootObject = FC80C553252F0D1400C5380F /* Project object */;
}
