// !$*UTF8*$!
{
	archiveVersion = 1;
	classes = {
	};
	objectVersion = 50;
	objects = {

/* Begin PBXBuildFile section */
		FC1FBE98252462DF00990599 /* FirstViewController.swift in Sources */ = {isa = PBXBuildFile; fileRef = FC1FBE97252462DF00990599 /* FirstViewController.swift */; };
		FC1FBE9B2524630C00990599 /* SecondViewController.swift in Sources */ = {isa = PBXBuildFile; fileRef = FC1FBE9A2524630C00990599 /* SecondViewController.swift */; };
		FC1FBE9E2524636B00990599 /* ThirdViewController.swift in Sources */ = {isa = PBXBuildFile; fileRef = FC1FBE9D2524636B00990599 /* ThirdViewController.swift */; };
		FC3225AB252222A30076E31E /* AppDelegate.swift in Sources */ = {isa = PBXBuildFile; fileRef = FC3225AA252222A30076E31E /* AppDelegate.swift */; };
		FC3225AD252222A30076E31E /* SceneDelegate.swift in Sources */ = {isa = PBXBuildFile; fileRef = FC3225AC252222A30076E31E /* SceneDelegate.swift */; };
		FC3225AF252222A30076E31E /* ViewController.swift in Sources */ = {isa = PBXBuildFile; fileRef = FC3225AE252222A30076E31E /* ViewController.swift */; };
		FC3225B2252222A30076E31E /* Main.storyboard in Resources */ = {isa = PBXBuildFile; fileRef = FC3225B0252222A30076E31E /* Main.storyboard */; };
		FC3225B4252222A60076E31E /* Assets.xcassets in Resources */ = {isa = PBXBuildFile; fileRef = FC3225B3252222A60076E31E /* Assets.xcassets */; };
		FC3225B7252222A60076E31E /* LaunchScreen.storyboard in Resources */ = {isa = PBXBuildFile; fileRef = FC3225B5252222A60076E31E /* LaunchScreen.storyboard */; };
		FC7A44032528B010005B7D1B /* SelectedColorViewController.swift in Sources */ = {isa = PBXBuildFile; fileRef = FC7A44022528B010005B7D1B /* SelectedColorViewController.swift */; };
		FC7A44062528C6B8005B7D1B /* LittleViewController.swift in Sources */ = {isa = PBXBuildFile; fileRef = FC7A44052528C6B8005B7D1B /* LittleViewController.swift */; };
		FCF51781252B9D8C000C900E /* RGBViewController.swift in Sources */ = {isa = PBXBuildFile; fileRef = FCF51780252B9D8C000C900E /* RGBViewController.swift */; };
/* End PBXBuildFile section */

/* Begin PBXFileReference section */
		FC1FBE97252462DF00990599 /* FirstViewController.swift */ = {isa = PBXFileReference; lastKnownFileType = sourcecode.swift; path = FirstViewController.swift; sourceTree = "<group>"; };
		FC1FBE9A2524630C00990599 /* SecondViewController.swift */ = {isa = PBXFileReference; lastKnownFileType = sourcecode.swift; path = SecondViewController.swift; sourceTree = "<group>"; };
		FC1FBE9D2524636B00990599 /* ThirdViewController.swift */ = {isa = PBXFileReference; lastKnownFileType = sourcecode.swift; path = ThirdViewController.swift; sourceTree = "<group>"; };
		FC3225A7252222A30076E31E /* Lesson 7.app */ = {isa = PBXFileReference; explicitFileType = wrapper.application; includeInIndex = 0; path = "Lesson 7.app"; sourceTree = BUILT_PRODUCTS_DIR; };
		FC3225AA252222A30076E31E /* AppDelegate.swift */ = {isa = PBXFileReference; lastKnownFileType = sourcecode.swift; path = AppDelegate.swift; sourceTree = "<group>"; };
		FC3225AC252222A30076E31E /* SceneDelegate.swift */ = {isa = PBXFileReference; lastKnownFileType = sourcecode.swift; path = SceneDelegate.swift; sourceTree = "<group>"; };
		FC3225AE252222A30076E31E /* ViewController.swift */ = {isa = PBXFileReference; lastKnownFileType = sourcecode.swift; path = ViewController.swift; sourceTree = "<group>"; };
		FC3225B1252222A30076E31E /* Base */ = {isa = PBXFileReference; lastKnownFileType = file.storyboard; name = Base; path = Base.lproj/Main.storyboard; sourceTree = "<group>"; };
		FC3225B3252222A60076E31E /* Assets.xcassets */ = {isa = PBXFileReference; lastKnownFileType = folder.assetcatalog; path = Assets.xcassets; sourceTree = "<group>"; };
		FC3225B6252222A60076E31E /* Base */ = {isa = PBXFileReference; lastKnownFileType = file.storyboard; name = Base; path = Base.lproj/LaunchScreen.storyboard; sourceTree = "<group>"; };
		FC3225B8252222A60076E31E /* Info.plist */ = {isa = PBXFileReference; lastKnownFileType = text.plist.xml; path = Info.plist; sourceTree = "<group>"; };
		FC7A44022528B010005B7D1B /* SelectedColorViewController.swift */ = {isa = PBXFileReference; lastKnownFileType = sourcecode.swift; path = SelectedColorViewController.swift; sourceTree = "<group>"; };
		FC7A44052528C6B8005B7D1B /* LittleViewController.swift */ = {isa = PBXFileReference; lastKnownFileType = sourcecode.swift; path = LittleViewController.swift; sourceTree = "<group>"; };
		FCF51780252B9D8C000C900E /* RGBViewController.swift */ = {isa = PBXFileReference; lastKnownFileType = sourcecode.swift; path = RGBViewController.swift; sourceTree = "<group>"; };
/* End PBXFileReference section */

/* Begin PBXFrameworksBuildPhase section */
		FC3225A4252222A30076E31E /* Frameworks */ = {
			isa = PBXFrameworksBuildPhase;
			buildActionMask = 2147483647;
			files = (
			);
			runOnlyForDeploymentPostprocessing = 0;
		};
/* End PBXFrameworksBuildPhase section */

/* Begin PBXGroup section */
		FC32259E252222A30076E31E = {
			isa = PBXGroup;
			children = (
				FC3225A9252222A30076E31E /* Lesson 7 */,
				FC3225A8252222A30076E31E /* Products */,
			);
			sourceTree = "<group>";
		};
		FC3225A8252222A30076E31E /* Products */ = {
			isa = PBXGroup;
			children = (
				FC3225A7252222A30076E31E /* Lesson 7.app */,
			);
			name = Products;
			sourceTree = "<group>";
		};
		FC3225A9252222A30076E31E /* Lesson 7 */ = {
			isa = PBXGroup;
			children = (
				FC3225AA252222A30076E31E /* AppDelegate.swift */,
				FC3225AC252222A30076E31E /* SceneDelegate.swift */,
				FC3225AE252222A30076E31E /* ViewController.swift */,
				FC3225B0252222A30076E31E /* Main.storyboard */,
				FCF51780252B9D8C000C900E /* RGBViewController.swift */,
				FC1FBE9D2524636B00990599 /* ThirdViewController.swift */,
				FC7A44052528C6B8005B7D1B /* LittleViewController.swift */,
				FC1FBE9A2524630C00990599 /* SecondViewController.swift */,
				FC7A44022528B010005B7D1B /* SelectedColorViewController.swift */,
				FC1FBE97252462DF00990599 /* FirstViewController.swift */,
				FC3225B3252222A60076E31E /* Assets.xcassets */,
				FC3225B5252222A60076E31E /* LaunchScreen.storyboard */,
				FC3225B8252222A60076E31E /* Info.plist */,
			);
			path = "Lesson 7";
			sourceTree = "<group>";
		};
/* End PBXGroup section */

/* Begin PBXNativeTarget section */
		FC3225A6252222A30076E31E /* Lesson 7 */ = {
			isa = PBXNativeTarget;
			buildConfigurationList = FC3225BB252222A60076E31E /* Build configuration list for PBXNativeTarget "Lesson 7" */;
			buildPhases = (
				FC3225A3252222A30076E31E /* Sources */,
				FC3225A4252222A30076E31E /* Frameworks */,
				FC3225A5252222A30076E31E /* Resources */,
			);
			buildRules = (
			);
			dependencies = (
			);
			name = "Lesson 7";
			productName = "Lesson 7";
			productReference = FC3225A7252222A30076E31E /* Lesson 7.app */;
			productType = "com.apple.product-type.application";
		};
/* End PBXNativeTarget section */

/* Begin PBXProject section */
		FC32259F252222A30076E31E /* Project object */ = {
			isa = PBXProject;
			attributes = {
				LastSwiftUpdateCheck = 1200;
				LastUpgradeCheck = 1200;
				TargetAttributes = {
					FC3225A6252222A30076E31E = {
						CreatedOnToolsVersion = 12.0;
					};
				};
			};
			buildConfigurationList = FC3225A2252222A30076E31E /* Build configuration list for PBXProject "Lesson 7" */;
			compatibilityVersion = "Xcode 9.3";
			developmentRegion = en;
			hasScannedForEncodings = 0;
			knownRegions = (
				en,
				Base,
			);
			mainGroup = FC32259E252222A30076E31E;
			productRefGroup = FC3225A8252222A30076E31E /* Products */;
			projectDirPath = "";
			projectRoot = "";
			targets = (
				FC3225A6252222A30076E31E /* Lesson 7 */,
			);
		};
/* End PBXProject section */

/* Begin PBXResourcesBuildPhase section */
		FC3225A5252222A30076E31E /* Resources */ = {
			isa = PBXResourcesBuildPhase;
			buildActionMask = 2147483647;
			files = (
				FC3225B7252222A60076E31E /* LaunchScreen.storyboard in Resources */,
				FC3225B4252222A60076E31E /* Assets.xcassets in Resources */,
				FC3225B2252222A30076E31E /* Main.storyboard in Resources */,
			);
			runOnlyForDeploymentPostprocessing = 0;
		};
/* End PBXResourcesBuildPhase section */

/* Begin PBXSourcesBuildPhase section */
		FC3225A3252222A30076E31E /* Sources */ = {
			isa = PBXSourcesBuildPhase;
			buildActionMask = 2147483647;
			files = (
				FC3225AF252222A30076E31E /* ViewController.swift in Sources */,
				FC1FBE98252462DF00990599 /* FirstViewController.swift in Sources */,
				FC3225AB252222A30076E31E /* AppDelegate.swift in Sources */,
				FCF51781252B9D8C000C900E /* RGBViewController.swift in Sources */,
				FC1FBE9B2524630C00990599 /* SecondViewController.swift in Sources */,
				FC1FBE9E2524636B00990599 /* ThirdViewController.swift in Sources */,
				FC3225AD252222A30076E31E /* SceneDelegate.swift in Sources */,
				FC7A44032528B010005B7D1B /* SelectedColorViewController.swift in Sources */,
				FC7A44062528C6B8005B7D1B /* LittleViewController.swift in Sources */,
			);
			runOnlyForDeploymentPostprocessing = 0;
		};
/* End PBXSourcesBuildPhase section */

/* Begin PBXVariantGroup section */
		FC3225B0252222A30076E31E /* Main.storyboard */ = {
			isa = PBXVariantGroup;
			children = (
				FC3225B1252222A30076E31E /* Base */,
			);
			name = Main.storyboard;
			sourceTree = "<group>";
		};
		FC3225B5252222A60076E31E /* LaunchScreen.storyboard */ = {
			isa = PBXVariantGroup;
			children = (
				FC3225B6252222A60076E31E /* Base */,
			);
			name = LaunchScreen.storyboard;
			sourceTree = "<group>";
		};
/* End PBXVariantGroup section */

/* Begin XCBuildConfiguration section */
		FC3225B9252222A60076E31E /* Debug */ = {
			isa = XCBuildConfiguration;
			buildSettings = {
				ALWAYS_SEARCH_USER_PATHS = NO;
				CLANG_ANALYZER_NONNULL = YES;
				CLANG_ANALYZER_NUMBER_OBJECT_CONVERSION = YES_AGGRESSIVE;
				CLANG_CXX_LANGUAGE_STANDARD = "gnu++14";
				CLANG_CXX_LIBRARY = "libc++";
				CLANG_ENABLE_MODULES = YES;
				CLANG_ENABLE_OBJC_ARC = YES;
				CLANG_ENABLE_OBJC_WEAK = YES;
				CLANG_WARN_BLOCK_CAPTURE_AUTORELEASING = YES;
				CLANG_WARN_BOOL_CONVERSION = YES;
				CLANG_WARN_COMMA = YES;
				CLANG_WARN_CONSTANT_CONVERSION = YES;
				CLANG_WARN_DEPRECATED_OBJC_IMPLEMENTATIONS = YES;
				CLANG_WARN_DIRECT_OBJC_ISA_USAGE = YES_ERROR;
				CLANG_WARN_DOCUMENTATION_COMMENTS = YES;
				CLANG_WARN_EMPTY_BODY = YES;
				CLANG_WARN_ENUM_CONVERSION = YES;
				CLANG_WARN_INFINITE_RECURSION = YES;
				CLANG_WARN_INT_CONVERSION = YES;
				CLANG_WARN_NON_LITERAL_NULL_CONVERSION = YES;
				CLANG_WARN_OBJC_IMPLICIT_RETAIN_SELF = YES;
				CLANG_WARN_OBJC_LITERAL_CONVERSION = YES;
				CLANG_WARN_OBJC_ROOT_CLASS = YES_ERROR;
				CLANG_WARN_QUOTED_INCLUDE_IN_FRAMEWORK_HEADER = YES;
				CLANG_WARN_RANGE_LOOP_ANALYSIS = YES;
				CLANG_WARN_STRICT_PROTOTYPES = YES;
				CLANG_WARN_SUSPICIOUS_MOVE = YES;
				CLANG_WARN_UNGUARDED_AVAILABILITY = YES_AGGRESSIVE;
				CLANG_WARN_UNREACHABLE_CODE = YES;
				CLANG_WARN__DUPLICATE_METHOD_MATCH = YES;
				COPY_PHASE_STRIP = NO;
				DEBUG_INFORMATION_FORMAT = dwarf;
				ENABLE_STRICT_OBJC_MSGSEND = YES;
				ENABLE_TESTABILITY = YES;
				GCC_C_LANGUAGE_STANDARD = gnu11;
				GCC_DYNAMIC_NO_PIC = NO;
				GCC_NO_COMMON_BLOCKS = YES;
				GCC_OPTIMIZATION_LEVEL = 0;
				GCC_PREPROCESSOR_DEFINITIONS = (
					"DEBUG=1",
					"$(inherited)",
				);
				GCC_WARN_64_TO_32_BIT_CONVERSION = YES;
				GCC_WARN_ABOUT_RETURN_TYPE = YES_ERROR;
				GCC_WARN_UNDECLARED_SELECTOR = YES;
				GCC_WARN_UNINITIALIZED_AUTOS = YES_AGGRESSIVE;
				GCC_WARN_UNUSED_FUNCTION = YES;
				GCC_WARN_UNUSED_VARIABLE = YES;
				IPHONEOS_DEPLOYMENT_TARGET = 14.0;
				MTL_ENABLE_DEBUG_INFO = INCLUDE_SOURCE;
				MTL_FAST_MATH = YES;
				ONLY_ACTIVE_ARCH = YES;
				SDKROOT = iphoneos;
				SWIFT_ACTIVE_COMPILATION_CONDITIONS = DEBUG;
				SWIFT_OPTIMIZATION_LEVEL = "-Onone";
			};
			name = Debug;
		};
		FC3225BA252222A60076E31E /* Release */ = {
			isa = XCBuildConfiguration;
			buildSettings = {
				ALWAYS_SEARCH_USER_PATHS = NO;
				CLANG_ANALYZER_NONNULL = YES;
				CLANG_ANALYZER_NUMBER_OBJECT_CONVERSION = YES_AGGRESSIVE;
				CLANG_CXX_LANGUAGE_STANDARD = "gnu++14";
				CLANG_CXX_LIBRARY = "libc++";
				CLANG_ENABLE_MODULES = YES;
				CLANG_ENABLE_OBJC_ARC = YES;
				CLANG_ENABLE_OBJC_WEAK = YES;
				CLANG_WARN_BLOCK_CAPTURE_AUTORELEASING = YES;
				CLANG_WARN_BOOL_CONVERSION = YES;
				CLANG_WARN_COMMA = YES;
				CLANG_WARN_CONSTANT_CONVERSION = YES;
				CLANG_WARN_DEPRECATED_OBJC_IMPLEMENTATIONS = YES;
				CLANG_WARN_DIRECT_OBJC_ISA_USAGE = YES_ERROR;
				CLANG_WARN_DOCUMENTATION_COMMENTS = YES;
				CLANG_WARN_EMPTY_BODY = YES;
				CLANG_WARN_ENUM_CONVERSION = YES;
				CLANG_WARN_INFINITE_RECURSION = YES;
				CLANG_WARN_INT_CONVERSION = YES;
				CLANG_WARN_NON_LITERAL_NULL_CONVERSION = YES;
				CLANG_WARN_OBJC_IMPLICIT_RETAIN_SELF = YES;
				CLANG_WARN_OBJC_LITERAL_CONVERSION = YES;
				CLANG_WARN_OBJC_ROOT_CLASS = YES_ERROR;
				CLANG_WARN_QUOTED_INCLUDE_IN_FRAMEWORK_HEADER = YES;
				CLANG_WARN_RANGE_LOOP_ANALYSIS = YES;
				CLANG_WARN_STRICT_PROTOTYPES = YES;
				CLANG_WARN_SUSPICIOUS_MOVE = YES;
				CLANG_WARN_UNGUARDED_AVAILABILITY = YES_AGGRESSIVE;
				CLANG_WARN_UNREACHABLE_CODE = YES;
				CLANG_WARN__DUPLICATE_METHOD_MATCH = YES;
				COPY_PHASE_STRIP = NO;
				DEBUG_INFORMATION_FORMAT = "dwarf-with-dsym";
				ENABLE_NS_ASSERTIONS = NO;
				ENABLE_STRICT_OBJC_MSGSEND = YES;
				GCC_C_LANGUAGE_STANDARD = gnu11;
				GCC_NO_COMMON_BLOCKS = YES;
				GCC_WARN_64_TO_32_BIT_CONVERSION = YES;
				GCC_WARN_ABOUT_RETURN_TYPE = YES_ERROR;
				GCC_WARN_UNDECLARED_SELECTOR = YES;
				GCC_WARN_UNINITIALIZED_AUTOS = YES_AGGRESSIVE;
				GCC_WARN_UNUSED_FUNCTION = YES;
				GCC_WARN_UNUSED_VARIABLE = YES;
				IPHONEOS_DEPLOYMENT_TARGET = 14.0;
				MTL_ENABLE_DEBUG_INFO = NO;
				MTL_FAST_MATH = YES;
				SDKROOT = iphoneos;
				SWIFT_COMPILATION_MODE = wholemodule;
				SWIFT_OPTIMIZATION_LEVEL = "-O";
				VALIDATE_PRODUCT = YES;
			};
			name = Release;
		};
		FC3225BC252222A60076E31E /* Debug */ = {
			isa = XCBuildConfiguration;
			buildSettings = {
				ASSETCATALOG_COMPILER_APPICON_NAME = AppIcon;
				ASSETCATALOG_COMPILER_GLOBAL_ACCENT_COLOR_NAME = AccentColor;
				CODE_SIGN_STYLE = Automatic;
				DEVELOPMENT_TEAM = 8T44SSUDFM;
				INFOPLIST_FILE = "Lesson 7/Info.plist";
				LD_RUNPATH_SEARCH_PATHS = (
					"$(inherited)",
					"@executable_path/Frameworks",
				);
				PRODUCT_BUNDLE_IDENTIFIER = "com.felix.Lesson-7";
				PRODUCT_NAME = "$(TARGET_NAME)";
				SWIFT_VERSION = 5.0;
				TARGETED_DEVICE_FAMILY = "1,2";
			};
			name = Debug;
		};
		FC3225BD252222A60076E31E /* Release */ = {
			isa = XCBuildConfiguration;
			buildSettings = {
				ASSETCATALOG_COMPILER_APPICON_NAME = AppIcon;
				ASSETCATALOG_COMPILER_GLOBAL_ACCENT_COLOR_NAME = AccentColor;
				CODE_SIGN_STYLE = Automatic;
				DEVELOPMENT_TEAM = 8T44SSUDFM;
				INFOPLIST_FILE = "Lesson 7/Info.plist";
				LD_RUNPATH_SEARCH_PATHS = (
					"$(inherited)",
					"@executable_path/Frameworks",
				);
				PRODUCT_BUNDLE_IDENTIFIER = "com.felix.Lesson-7";
				PRODUCT_NAME = "$(TARGET_NAME)";
				SWIFT_VERSION = 5.0;
				TARGETED_DEVICE_FAMILY = "1,2";
			};
			name = Release;
		};
/* End XCBuildConfiguration section */

/* Begin XCConfigurationList section */
		FC3225A2252222A30076E31E /* Build configuration list for PBXProject "Lesson 7" */ = {
			isa = XCConfigurationList;
			buildConfigurations = (
				FC3225B9252222A60076E31E /* Debug */,
				FC3225BA252222A60076E31E /* Release */,
			);
			defaultConfigurationIsVisible = 0;
			defaultConfigurationName = Release;
		};
		FC3225BB252222A60076E31E /* Build configuration list for PBXNativeTarget "Lesson 7" */ = {
			isa = XCConfigurationList;
			buildConfigurations = (
				FC3225BC252222A60076E31E /* Debug */,
				FC3225BD252222A60076E31E /* Release */,
			);
			defaultConfigurationIsVisible = 0;
			defaultConfigurationName = Release;
		};
/* End XCConfigurationList section */
	};
	rootObject = FC32259F252222A30076E31E /* Project object */;
}
